Microsoft Visual Studio Solution File, Format Version 12.00
# Visual Studio Version 17
VisualStudioVersion = 17.5.2.0
MinimumVisualStudioVersion = 10.0.40219.1
Project("{FAE04EC0-301F-11D3-BF4B-00C04F79EFBC}") = "support-system-api", "support-system-api\support-system-api.csproj", "{3E2AC8FC-81BE-CEFC-DF96-E5E4D16811A6}"
EndProject
Global
	GlobalSection(SolutionConfigurationPlatforms) = preSolution
		Debug|Any CPU = Debug|Any CPU
		Release|Any CPU = Release|Any CPU
	EndGlobalSection
	GlobalSection(ProjectConfigurationPlatforms) = postSolution
		{3E2AC8FC-81BE-CEFC-DF96-E5E4D16811A6}.Debug|Any CPU.ActiveCfg = Debug|Any CPU
		{3E2AC8FC-81BE-CEFC-DF96-E5E4D16811A6}.Debug|Any CPU.Build.0 = Debug|Any CPU
		{3E2AC8FC-81BE-CEFC-DF96-E5E4D16811A6}.Release|Any CPU.ActiveCfg = Release|Any CPU
		{3E2AC8FC-81BE-CEFC-DF96-E5E4D16811A6}.Release|Any CPU.Build.0 = Release|Any CPU
	EndGlobalSection
	GlobalSection(SolutionProperties) = preSolution
		HideSolutionNode = FALSE
	EndGlobalSection
	GlobalSection(ExtensibilityGlobals) = postSolution
		SolutionGuid = {4F5B2A44-DF0A-4D5C-A402-7F56E6CCDBC7}
	EndGlobalSection
EndGlobal
